
Microsoft Visual Studio Solution File, Format Version 12.00
# Visual Studio 15
VisualStudioVersion = 15.0.26730.12
MinimumVisualStudioVersion = 10.0.40219.1
Project("{FAE04EC0-301F-11D3-BF4B-00C04F79EFBC}") = "The Two Couples", "The Two Couples\The Two Couples.csproj", "{0BDE977F-67C3-4F6A-931A-A0B974CC1D4F}"
EndProject
Global
	GlobalSection(SolutionConfigurationPlatforms) = preSolution
		Debug|Any CPU = Debug|Any CPU
		Release|Any CPU = Release|Any CPU
	EndGlobalSection
	GlobalSection(ProjectConfigurationPlatforms) = postSolution
		{0BDE977F-67C3-4F6A-931A-A0B974CC1D4F}.Debug|Any CPU.ActiveCfg = Debug|Any CPU
		{0BDE977F-67C3-4F6A-931A-A0B974CC1D4F}.Debug|Any CPU.Build.0 = Debug|Any CPU
		{0BDE977F-67C3-4F6A-931A-A0B974CC1D4F}.Release|Any CPU.ActiveCfg = Release|Any CPU
		{0BDE977F-67C3-4F6A-931A-A0B974CC1D4F}.Release|Any CPU.Build.0 = Release|Any CPU
	EndGlobalSection
	GlobalSection(SolutionProperties) = preSolution
		HideSolutionNode = FALSE
	EndGlobalSection
	GlobalSection(ExtensibilityGlobals) = postSolution
		SolutionGuid = {08B42FD8-30EC-49EB-B37B-2DDCB3CD4EBE}
	EndGlobalSection
EndGlobal
