
Microsoft Visual Studio Solution File, Format Version 12.00
# Visual Studio 15
VisualStudioVersion = 15.0.26730.12
MinimumVisualStudioVersion = 10.0.40219.1
Project("{FAE04EC0-301F-11D3-BF4B-00C04F79EFBC}") = "Almost Chess", "Almost Chess\Almost Chess.csproj", "{D2C287C9-61B1-448F-9CD4-E7997960FB96}"
EndProject
Global
	GlobalSection(SolutionConfigurationPlatforms) = preSolution
		Debug|Any CPU = Debug|Any CPU
		Release|Any CPU = Release|Any CPU
	EndGlobalSection
	GlobalSection(ProjectConfigurationPlatforms) = postSolution
		{D2C287C9-61B1-448F-9CD4-E7997960FB96}.Debug|Any CPU.ActiveCfg = Debug|Any CPU
		{D2C287C9-61B1-448F-9CD4-E7997960FB96}.Debug|Any CPU.Build.0 = Debug|Any CPU
		{D2C287C9-61B1-448F-9CD4-E7997960FB96}.Release|Any CPU.ActiveCfg = Release|Any CPU
		{D2C287C9-61B1-448F-9CD4-E7997960FB96}.Release|Any CPU.Build.0 = Release|Any CPU
	EndGlobalSection
	GlobalSection(SolutionProperties) = preSolution
		HideSolutionNode = FALSE
	EndGlobalSection
	GlobalSection(ExtensibilityGlobals) = postSolution
		SolutionGuid = {C3944087-956D-4501-A0B4-24034AD46C8D}
	EndGlobalSection
EndGlobal
